hash: 09de4a172ac944879e4d7b41a4977acad8573e65415ca9acdb23af0eba721456
updated: 2017-04-10T22:46:29.414124808+02:00
imports:
- name: github.com/google/gofuzz
  version: 44d81051d367757e1c7c6a5a86423ece9afcf63c
- name: github.com/tarm/serial
  version: 37be519d49878d0098e34fb614136b81e6c87861
testImports: []
